schema: '2.0'
stages:
  generate:
    cmd: uv run python -m src.data.generate --scenario all
    deps:
    - path: src/data/generate.py
      hash: md5
      md5: 2eca91655fe70d5bc5470422457b3c68
      size: 17567
    - path: src/data/settings.py
      hash: md5
      md5: 8ee344b78eaadc9d61b9f131e93f2533
      size: 13734
    params:
      params.yaml:
        data_contract:
          schema_version: '1.0'
          strict: true
          ordered: true
          minimum_batch_size: 50
          maximum_failure_examples: 10
          numeric_ranges:
            age:
              minimum: 18
              maximum: 100
            tenure_months:
              minimum: 0
              maximum: 120
            monthly_spend:
              minimum: 0.0
              maximum: 500.0
            support_tickets_90d:
              minimum: 0
              maximum: 20
            late_payments_12m:
              minimum: 0
              maximum: 12
            usage_hours_monthly:
              minimum: 0.0
              maximum: 300.0
          allowed_categories:
            plan_type:
            - basic
            - standard
            - premium
            region:
            - north
            - south
            - east
            - west
          target_values:
          - 0
          - 1
        data_generation:
          reference_rows: 1000
          fixed_test_rows: 300
          batch_rows: 200
          seed_offsets:
            reference: 0
            fixed_test: 1
            normal: 2
            drifted: 3
            invalid: 4
        project.random_seed: 42
    outs:
    - path: data/incoming/drifted.csv
      hash: md5
      md5: af3b5f8aeeb3eafa4a6104719ce3062e
      size: 11725
    - path: data/incoming/invalid.csv
      hash: md5
      md5: 2d6aa4923c1f5c5dc6893bc150ca55f0
      size: 11751
    - path: data/incoming/normal.csv
      hash: md5
      md5: 9754dc2f602fe8a69b1aad17be4a2a7d
      size: 11768
    - path: data/reference/reference.csv
      hash: md5
      md5: f4abc30f57d69e69f3c053481997fa30
      size: 58343
    - path: data/test/fixed_test.csv
      hash: md5
      md5: c4cc99828d098b851db1f8be51864d54
      size: 17629
  validate_normal:
    cmd: uv run python -m src.data.ingest --input data/incoming/normal.csv
    deps:
    - path: data/incoming/normal.csv
      hash: md5
      md5: 9754dc2f602fe8a69b1aad17be4a2a7d
      size: 11768
    - path: src/data/ingest.py
      hash: md5
      md5: 3ab120d9dbd7afc0d541eabc9dfa258a
      size: 6805
    - path: src/data/schema.py
      hash: md5
      md5: a328e73b303d5e0a0d53bb34d32cd3af
      size: 5735
    - path: src/data/settings.py
      hash: md5
      md5: 8ee344b78eaadc9d61b9f131e93f2533
      size: 13734
    - path: src/data/validate.py
      hash: md5
      md5: 6993e41cc630afcabd2d43bf06fa1463
      size: 12658
    - path: src/data/validation_models.py
      hash: md5
      md5: d6307e416c7c53b315b8d20b444b69ca
      size: 5787
    - path: src/data/validation_report.py
      hash: md5
      md5: a7c36308b3d6ea74c42f57bccd472d34
      size: 5391
    params:
      params.yaml:
        data_contract:
          schema_version: '1.0'
          strict: true
          ordered: true
          minimum_batch_size: 50
          maximum_failure_examples: 10
          numeric_ranges:
            age:
              minimum: 18
              maximum: 100
            tenure_months:
              minimum: 0
              maximum: 120
            monthly_spend:
              minimum: 0.0
              maximum: 500.0
            support_tickets_90d:
              minimum: 0
              maximum: 20
            late_payments_12m:
              minimum: 0
              maximum: 12
            usage_hours_monthly:
              minimum: 0.0
              maximum: 300.0
          allowed_categories:
            plan_type:
            - basic
            - standard
            - premium
            region:
            - north
            - south
            - east
            - west
          target_values:
          - 0
          - 1
    outs:
    - path: data/accepted/normal.csv
      hash: md5
      md5: 9754dc2f602fe8a69b1aad17be4a2a7d
      size: 11768
    - path: reports/data-quality/normal.validation.json
      hash: md5
      md5: e55f30bc780944e9a28bca3dcfbeb9b6
      size: 184
    - path: reports/data-quality/normal.validation.md
      hash: md5
      md5: 180dfdce57a0e7dcc399124743f3aabf
      size: 225
  validate_drifted:
    cmd: uv run python -m src.data.ingest --input data/incoming/drifted.csv
    deps:
    - path: data/incoming/drifted.csv
      hash: md5
      md5: af3b5f8aeeb3eafa4a6104719ce3062e
      size: 11725
    - path: src/data/ingest.py
      hash: md5
      md5: 3ab120d9dbd7afc0d541eabc9dfa258a
      size: 6805
    - path: src/data/schema.py
      hash: md5
      md5: a328e73b303d5e0a0d53bb34d32cd3af
      size: 5735
    - path: src/data/settings.py
      hash: md5
      md5: 8ee344b78eaadc9d61b9f131e93f2533
      size: 13734
    - path: src/data/validate.py
      hash: md5
      md5: 6993e41cc630afcabd2d43bf06fa1463
      size: 12658
    - path: src/data/validation_models.py
      hash: md5
      md5: d6307e416c7c53b315b8d20b444b69ca
      size: 5787
    - path: src/data/validation_report.py
      hash: md5
      md5: a7c36308b3d6ea74c42f57bccd472d34
      size: 5391
    params:
      params.yaml:
        data_contract:
          schema_version: '1.0'
          strict: true
          ordered: true
          minimum_batch_size: 50
          maximum_failure_examples: 10
          numeric_ranges:
            age:
              minimum: 18
              maximum: 100
            tenure_months:
              minimum: 0
              maximum: 120
            monthly_spend:
              minimum: 0.0
              maximum: 500.0
            support_tickets_90d:
              minimum: 0
              maximum: 20
            late_payments_12m:
              minimum: 0
              maximum: 12
            usage_hours_monthly:
              minimum: 0.0
              maximum: 300.0
          allowed_categories:
            plan_type:
            - basic
            - standard
            - premium
            region:
            - north
            - south
            - east
            - west
          target_values:
          - 0
          - 1
    outs:
    - path: data/accepted/drifted.csv
      hash: md5
      md5: af3b5f8aeeb3eafa4a6104719ce3062e
      size: 11725
    - path: reports/data-quality/drifted.validation.json
      hash: md5
      md5: c46d8243ab21c436f19770370a60f599
      size: 185
    - path: reports/data-quality/drifted.validation.md
      hash: md5
      md5: 6f152fa6ea39682307ec3c54542787b5
      size: 226
  drift_normal:
    cmd: uv run python -m src.data.drift --current data/accepted/normal.csv
    deps:
    - path: data/accepted/normal.csv
      hash: md5
      md5: 9754dc2f602fe8a69b1aad17be4a2a7d
      size: 11768
    - path: data/reference/reference.csv
      hash: md5
      md5: f4abc30f57d69e69f3c053481997fa30
      size: 58343
    - path: src/data/drift.py
      hash: md5
      md5: 81eda0254cf384b40f174011a732f9b0
      size: 15867
    - path: src/data/schema.py
      hash: md5
      md5: a328e73b303d5e0a0d53bb34d32cd3af
      size: 5735
    - path: src/data/settings.py
      hash: md5
      md5: 8ee344b78eaadc9d61b9f131e93f2533
      size: 13734
    - path: src/data/validate.py
      hash: md5
      md5: 6993e41cc630afcabd2d43bf06fa1463
      size: 12658
    - path: src/data/validation_models.py
      hash: md5
      md5: d6307e416c7c53b315b8d20b444b69ca
      size: 5787
    params:
      params.yaml:
        data_contract:
          schema_version: '1.0'
          strict: true
          ordered: true
          minimum_batch_size: 50
          maximum_failure_examples: 10
          numeric_ranges:
            age:
              minimum: 18
              maximum: 100
            tenure_months:
              minimum: 0
              maximum: 120
            monthly_spend:
              minimum: 0.0
              maximum: 500.0
            support_tickets_90d:
              minimum: 0
              maximum: 20
            late_payments_12m:
              minimum: 0
              maximum: 12
            usage_hours_monthly:
              minimum: 0.0
              maximum: 300.0
          allowed_categories:
            plan_type:
            - basic
            - standard
            - premium
            region:
            - north
            - south
            - east
            - west
          target_values:
          - 0
          - 1
        drift:
          reference_path: data/reference/reference.csv
          feature_drift_share_threshold: 0.25
    outs:
    - path: reports/drift/normal.drift.html
      hash: md5
      md5: 5781658cf4a6a1dcdd1eb10ceb082018
      size: 4042487
    - path: reports/drift/normal.drift.json
      hash: md5
      md5: 331cbb780f72a6451b518a51f11f3f0e
      size: 2253
  drift_drifted:
    cmd: uv run python -m src.data.drift --current data/accepted/drifted.csv
    deps:
    - path: data/accepted/drifted.csv
      hash: md5
      md5: af3b5f8aeeb3eafa4a6104719ce3062e
      size: 11725
    - path: data/reference/reference.csv
      hash: md5
      md5: f4abc30f57d69e69f3c053481997fa30
      size: 58343
    - path: src/data/drift.py
      hash: md5
      md5: 81eda0254cf384b40f174011a732f9b0
      size: 15867
    - path: src/data/schema.py
      hash: md5
      md5: a328e73b303d5e0a0d53bb34d32cd3af
      size: 5735
    - path: src/data/settings.py
      hash: md5
      md5: 8ee344b78eaadc9d61b9f131e93f2533
      size: 13734
    - path: src/data/validate.py
      hash: md5
      md5: 6993e41cc630afcabd2d43bf06fa1463
      size: 12658
    - path: src/data/validation_models.py
      hash: md5
      md5: d6307e416c7c53b315b8d20b444b69ca
      size: 5787
    params:
      params.yaml:
        data_contract:
          schema_version: '1.0'
          strict: true
          ordered: true
          minimum_batch_size: 50
          maximum_failure_examples: 10
          numeric_ranges:
            age:
              minimum: 18
              maximum: 100
            tenure_months:
              minimum: 0
              maximum: 120
            monthly_spend:
              minimum: 0.0
              maximum: 500.0
            support_tickets_90d:
              minimum: 0
              maximum: 20
            late_payments_12m:
              minimum: 0
              maximum: 12
            usage_hours_monthly:
              minimum: 0.0
              maximum: 300.0
          allowed_categories:
            plan_type:
            - basic
            - standard
            - premium
            region:
            - north
            - south
            - east
            - west
          target_values:
          - 0
          - 1
        drift:
          reference_path: data/reference/reference.csv
          feature_drift_share_threshold: 0.25
    outs:
    - path: reports/drift/drifted.drift.html
      hash: md5
      md5: 88b0d49875b2cfd770229fb94fb11036
      size: 4042512
    - path: reports/drift/drifted.drift.json
      hash: md5
      md5: 7606fa8053b215c8f6352521bba41ede
      size: 2314
  curate:
    cmd: uv run python -m src.data.curate
    deps:
    - path: data/accepted
      hash: md5
      md5: 3cc71f04848629fe1d9427d90881b32f.dir
      size: 63798
      nfiles: 9
    - path: data/reference/reference.csv
      hash: md5
      md5: f4abc30f57d69e69f3c053481997fa30
      size: 58343
    - path: src/data/curate.py
      hash: md5
      md5: a3a74396a1dea4c0bded40ff8cf74cdc
      size: 6609
    - path: src/data/schema.py
      hash: md5
      md5: a328e73b303d5e0a0d53bb34d32cd3af
      size: 5735
    - path: src/data/settings.py
      hash: md5
      md5: 8ee344b78eaadc9d61b9f131e93f2533
      size: 13734
    - path: src/data/validate.py
      hash: md5
      md5: 6993e41cc630afcabd2d43bf06fa1463
      size: 12658
    - path: src/data/validation_models.py
      hash: md5
      md5: d6307e416c7c53b315b8d20b444b69ca
      size: 5787
    params:
      params.yaml:
        data_contract:
          schema_version: '1.0'
          strict: true
          ordered: true
          minimum_batch_size: 50
          maximum_failure_examples: 10
          numeric_ranges:
            age:
              minimum: 18
              maximum: 100
            tenure_months:
              minimum: 0
              maximum: 120
            monthly_spend:
              minimum: 0.0
              maximum: 500.0
            support_tickets_90d:
              minimum: 0
              maximum: 20
            late_payments_12m:
              minimum: 0
              maximum: 12
            usage_hours_monthly:
              minimum: 0.0
              maximum: 300.0
          allowed_categories:
            plan_type:
            - basic
            - standard
            - premium
            region:
            - north
            - south
            - east
            - west
          target_values:
          - 0
          - 1
    outs:
    - path: data/curated/training.csv
      hash: md5
      md5: fb4a1ae2d0cf197e9e0ac83da83fe63e
      size: 121154
  profile:
    cmd: uv run python -m src.data.profile
    deps:
    - path: data/curated/training.csv
      hash: md5
      md5: fb4a1ae2d0cf197e9e0ac83da83fe63e
      size: 121154
    - path: src/data/profile.py
      hash: md5
      md5: 16025b441ea7dfb7a26ec4f5bb60f9e8
      size: 9688
    - path: src/data/schema.py
      hash: md5
      md5: a328e73b303d5e0a0d53bb34d32cd3af
      size: 5735
    - path: src/data/settings.py
      hash: md5
      md5: 8ee344b78eaadc9d61b9f131e93f2533
      size: 13734
    - path: src/data/validate.py
      hash: md5
      md5: 6993e41cc630afcabd2d43bf06fa1463
      size: 12658
    - path: src/data/validation_models.py
      hash: md5
      md5: d6307e416c7c53b315b8d20b444b69ca
      size: 5787
    params:
      params.yaml:
        data_contract:
          schema_version: '1.0'
          strict: true
          ordered: true
          minimum_batch_size: 50
          maximum_failure_examples: 10
          numeric_ranges:
            age:
              minimum: 18
              maximum: 100
            tenure_months:
              minimum: 0
              maximum: 120
            monthly_spend:
              minimum: 0.0
              maximum: 500.0
            support_tickets_90d:
              minimum: 0
              maximum: 20
            late_payments_12m:
              minimum: 0
              maximum: 12
            usage_hours_monthly:
              minimum: 0.0
              maximum: 300.0
          allowed_categories:
            plan_type:
            - basic
            - standard
            - premium
            region:
            - north
            - south
            - east
            - west
          target_values:
          - 0
          - 1
    outs:
    - path: reports/data-profile/training.profile.json
      hash: md5
      md5: 9f3eae60769a984a0c87df13f94bdaf3
      size: 2333
  train:
    cmd: uv run python -m src.training.train
    deps:
    - path: artifacts/experiment-plans/fallback.json
      hash: md5
      md5: d4da6761f21d116880f7c09605bb266e
      size: 684
    - path: data/curated/training.csv
      hash: md5
      md5: fb4a1ae2d0cf197e9e0ac83da83fe63e
      size: 121154
    - path: src/agent/plan_validator.py
      hash: md5
      md5: 0d15314df56587b6d416ab64919fb2b9
      size: 2827
    - path: src/agent/schemas.py
      hash: md5
      md5: cd8ddf509b5893729732f659d517e8fe
      size: 1204
    - path: src/training/artifacts.py
      hash: md5
      md5: 49cd046ce32e4a11c05cb3eca00986b0
      size: 4008
    - path: src/training/catalog.py
      hash: md5
      md5: 603d50032bf1c71381a800434e9a37d2
      size: 7326
    - path: src/training/evaluate.py
      hash: md5
      md5: e66513b50ef009522b86e5081c5cf43a
      size: 3276
    - path: src/training/preprocessing.py
      hash: md5
      md5: 04230b61fca62be4979ad1dc96efc534
      size: 2195
    - path: src/training/settings.py
      hash: md5
      md5: 22a8b2bfc85e152789aedc3634fa66b5
      size: 9053
    - path: src/training/train.py
      hash: md5
      md5: 759998933d0d5709045a7f2e5f40fc49
      size: 14513
    params:
      params.yaml:
        experiments:
          maximum_candidates: 3
          minimum_successful_candidates: 1
          primary_metric: roc_auc
        project.random_seed: 42
        training:
          validation_fraction: 0.2
          models:
            logistic_regression:
              C: 1.0
              max_iter: 1000
            random_forest:
              n_estimators: 200
              max_depth: 8
              min_samples_leaf: 2
    outs:
    - path: artifacts/metrics/failures.json
      hash: md5
      md5: c4ebd5fbc2f58e550bc4a5e6eaeee37c
      size: 21
    - path: artifacts/metrics/logistic_regression.json
      hash: md5
      md5: 50ecf5b6934595b2d6d2a778f331f821
      size: 363
    - path: artifacts/metrics/random_forest.json
      hash: md5
      md5: 667117cd73dcdb2c0da7ff9bbb5d7340
      size: 359
    - path: artifacts/metrics/selection.json
      hash: md5
      md5: 2b872cdfc202b177dc26cbf78a67cf27
      size: 117
    - path: artifacts/models/logistic_regression.joblib
      hash: md5
      md5: b5919ad27125f2b23cb18ad7673b3d39
      size: 4058
    - path: artifacts/models/random_forest.joblib
      hash: md5
      md5: cb5f9cfd0266c40ed3f21ac3538f6bf2
      size: 2880603
  fallback_plan:
    cmd: uv run python -m src.agent.planner
    deps:
    - path: prompts/experiment-planner.prompt.md
      hash: md5
      md5: 978e43252823ce0dfd73c5bba4033407
      size: 1246
    - path: src/agent/llm.py
      hash: md5
      md5: 7dd6d41c97c6744198773a429ef071e7
      size: 4421
    - path: src/agent/plan_validator.py
      hash: md5
      md5: 0d15314df56587b6d416ab64919fb2b9
      size: 2827
    - path: src/agent/planner.py
      hash: md5
      md5: 23ec18bbcccafdc478d54d37f5a7b4e3
      size: 13907
    - path: src/agent/schemas.py
      hash: md5
      md5: cd8ddf509b5893729732f659d517e8fe
      size: 1204
    - path: src/training/catalog.py
      hash: md5
      md5: 603d50032bf1c71381a800434e9a37d2
      size: 7326
    - path: src/training/settings.py
      hash: md5
      md5: 22a8b2bfc85e152789aedc3634fa66b5
      size: 9053
    params:
      params.yaml:
        experiments:
          maximum_candidates: 3
          minimum_successful_candidates: 1
          primary_metric: roc_auc
        project.random_seed: 42
        training:
          validation_fraction: 0.2
          models:
            logistic_regression:
              C: 1.0
              max_iter: 1000
            random_forest:
              n_estimators: 200
              max_depth: 8
              min_samples_leaf: 2
    outs:
    - path: artifacts/agent/planner-trace.json
      hash: md5
      md5: 057dc10a4e837ef5fa05365f20003a16
      size: 817
    - path: artifacts/experiment-plans/fallback.json
      hash: md5
      md5: d4da6761f21d116880f7c09605bb266e
      size: 684
